<?xml version="1.0" encoding="utf-8"?>
<Project ToolsVersion="4.0" xmlns="http://schemas.microsoft.com/developer/msbuild/2003">
  <ItemGroup>
    <Filter Include="소스 파일">
      <UniqueIdentifier>{4FC737F1-C7A5-4376-A066-2A32D752A2FF}</UniqueIdentifier>
      <Extensions>cpp;c;cc;cxx;c++;cppm;ixx;def;odl;idl;hpj;bat;asm;asmx</Extensions>
    </Filter>
    <Filter Include="헤더 파일">
      <UniqueIdentifier>{93995380-89BD-4b04-88EB-625FBE52EBFB}</UniqueIdentifier>
      <Extensions>h;hh;hpp;hxx;h++;hm;inl;inc;ipp;xsd</Extensions>
    </Filter>
    <Filter Include="리소스 파일">
      <UniqueIdentifier>{67DA6AB6-F800-4c08-8B7A-83BB121AAD01}</UniqueIdentifier>
      <Extensions>rc;ico;cur;bmp;dlg;rc2;rct;bin;rgs;gif;jpg;jpeg;jpe;resx;tiff;tif;png;wav;mfcribbon-ms</Extensions>
    </Filter>
    <Filter Include="소스 파일\Cp#2">
      <UniqueIdentifier>{95bbaa29-cd32-4836-b12f-461bb7331be8}</UniqueIdentifier>
    </Filter>
    <Filter Include="소스 파일\CP#3">
      <UniqueIdentifier>{eed600cc-9d5e-4529-9c83-a905364ed720}</UniqueIdentifier>
    </Filter>
    <Filter Include="소스 파일\CP#4">
      <UniqueIdentifier>{25eefcde-6bfb-481b-9b45-c6a870101798}</UniqueIdentifier>
    </Filter>
    <Filter Include="소스 파일\CP#5">
      <UniqueIdentifier>{f686eb25-e550-4fa6-b1b9-7ff210766cdf}</UniqueIdentifier>
    </Filter>
    <Filter Include="소스 파일\Do_It">
      <UniqueIdentifier>{7e3aa64e-1074-447b-99ae-92755d569740}</UniqueIdentifier>
    </Filter>
    <Filter Include="소스 파일\CP#6">
      <UniqueIdentifier>{7fb3a5b8-717f-448f-8934-e3559e417271}</UniqueIdentifier>
    </Filter>
    <Filter Include="소스 파일\C_Algorithm">
      <UniqueIdentifier>{771ceba6-9219-427a-bc0c-915452d589d8}</UniqueIdentifier>
    </Filter>
    <Filter Include="소스 파일\CP#7">
      <UniqueIdentifier>{8949e669-8221-4c3c-9e56-758b4494df97}</UniqueIdentifier>
    </Filter>
    <Filter Include="소스 파일\CP#8">
      <UniqueIdentifier>{42720c02-b44c-491f-9d03-9af49d09412a}</UniqueIdentifier>
    </Filter>
    <Filter Include="소스 파일\CP#7\Data_Structure#1">
      <UniqueIdentifier>{8d0e57c8-074e-42a8-9fea-6bfb5c78ebec}</UniqueIdentifier>
    </Filter>
    <Filter Include="소스 파일\CP#9">
      <UniqueIdentifier>{ea7d2f38-cf93-4a1b-8238-38292ba65032}</UniqueIdentifier>
    </Filter>
  </ItemGroup>
  <ItemGroup>
    <ClCompile Include="CP_A.cpp">
      <Filter>소스 파일\Cp#2</Filter>
    </ClCompile>
    <ClCompile Include="CP_B.cpp">
      <Filter>소스 파일\Cp#2</Filter>
    </ClCompile>
    <ClCompile Include="CP_C.cpp">
      <Filter>소스 파일\Cp#2</Filter>
    </ClCompile>
    <ClCompile Include="CP_D.cpp">
      <Filter>소스 파일\Cp#2</Filter>
    </ClCompile>
    <ClCompile Include="CP_E.cpp">
      <Filter>소스 파일\Cp#2</Filter>
    </ClCompile>
    <ClCompile Include="CP_3A.cpp">
      <Filter>소스 파일\CP#3</Filter>
    </ClCompile>
    <ClCompile Include="CP_3B.cpp">
      <Filter>소스 파일\CP#3</Filter>
    </ClCompile>
    <ClCompile Include="CP_3C.cpp">
      <Filter>소스 파일\CP#3</Filter>
    </ClCompile>
    <ClCompile Include="CP_3D.cpp">
      <Filter>소스 파일\CP#3</Filter>
    </ClCompile>
    <ClCompile Include="CP_3E.cpp">
      <Filter>소스 파일\CP#3</Filter>
    </ClCompile>
    <ClCompile Include="CP_3F.cpp">
      <Filter>소스 파일\CP#3</Filter>
    </ClCompile>
    <ClCompile Include="CP_4A.cpp">
      <Filter>소스 파일\CP#4</Filter>
    </ClCompile>
    <ClCompile Include="CP_4B.cpp">
      <Filter>소스 파일\CP#4</Filter>
    </ClCompile>
    <ClCompile Include="CP_4C.cpp">
      <Filter>소스 파일\CP#4</Filter>
    </ClCompile>
    <ClCompile Include="CP_4D.cpp">
      <Filter>소스 파일\CP#4</Filter>
    </ClCompile>
    <ClCompile Include="CP_5A.cpp">
      <Filter>소스 파일\CP#5</Filter>
    </ClCompile>
    <ClCompile Include="CP_5B.cpp">
      <Filter>소스 파일\CP#5</Filter>
    </ClCompile>
    <ClCompile Include="CP_5C.cpp">
      <Filter>소스 파일\CP#5</Filter>
    </ClCompile>
    <ClCompile Include="CP_5D.cpp">
      <Filter>소스 파일\CP#5</Filter>
    </ClCompile>
    <ClCompile Include="HW1.c">
      <Filter>소스 파일\CP#7\Data_Structure#1</Filter>
    </ClCompile>
    <ClCompile Include="data_1.cpp">
      <Filter>소스 파일\Do_It</Filter>
    </ClCompile>
    <ClCompile Include="data_2.cpp">
      <Filter>소스 파일\Do_It</Filter>
    </ClCompile>
    <ClCompile Include="CP_6A.cpp">
      <Filter>소스 파일\CP#6</Filter>
    </ClCompile>
    <ClCompile Include="CP_6B.cpp">
      <Filter>소스 파일\CP#6</Filter>
    </ClCompile>
    <ClCompile Include="CP_6C.cpp">
      <Filter>소스 파일\CP#6</Filter>
    </ClCompile>
    <ClCompile Include="CP_6D.cpp">
      <Filter>소스 파일\CP#6</Filter>
    </ClCompile>
    <ClCompile Include="CP_6E.cpp">
      <Filter>소스 파일\CP#6</Filter>
    </ClCompile>
    <ClCompile Include="CP_6F.cpp">
      <Filter>소스 파일\CP#6</Filter>
    </ClCompile>
    <ClCompile Include="CP_star_1.cpp">
      <Filter>소스 파일\CP#6</Filter>
    </ClCompile>
    <ClCompile Include="CP_star_2.cpp">
      <Filter>소스 파일\CP#6</Filter>
    </ClCompile>
    <ClCompile Include="stack_1.cpp">
      <Filter>소스 파일\C_Algorithm</Filter>
    </ClCompile>
    <ClCompile Include="Array_1.cpp">
      <Filter>소스 파일\C_Algorithm</Filter>
    </ClCompile>
    <ClCompile Include="Queue_1.cpp">
      <Filter>소스 파일\C_Algorithm</Filter>
    </ClCompile>
    <ClCompile Include="Test.c">
      <Filter>소스 파일\CP#7\Data_Structure#1</Filter>
    </ClCompile>
    <ClCompile Include="HW2.c">
      <Filter>소스 파일\CP#7\Data_Structure#1</Filter>
    </ClCompile>
    <ClCompile Include="CP_7A.cpp">
      <Filter>소스 파일\CP#7</Filter>
    </ClCompile>
    <ClCompile Include="CP_7B.cpp">
      <Filter>소스 파일\CP#7</Filter>
    </ClCompile>
    <ClCompile Include="CP_7C.cpp">
      <Filter>소스 파일\CP#7</Filter>
    </ClCompile>
    <ClCompile Include="ex.cpp">
      <Filter>소스 파일\CP#7\Data_Structure#1</Filter>
    </ClCompile>
    <ClCompile Include="..\..\..\..\Downloads\maze_search.cpp">
      <Filter>소스 파일\CP#7\Data_Structure#1</Filter>
    </ClCompile>
    <ClCompile Include="CP_7D.cpp">
      <Filter>소스 파일\CP#7</Filter>
    </ClCompile>
    <ClCompile Include="CP_8A.cpp">
      <Filter>소스 파일\CP#8</Filter>
    </ClCompile>
    <ClCompile Include="CP_8B.cpp">
      <Filter>소스 파일\CP#8</Filter>
    </ClCompile>
    <ClCompile Include="CP_8C.cpp">
      <Filter>소스 파일\CP#8</Filter>
    </ClCompile>
    <ClCompile Include="CP_8D.cpp">
      <Filter>소스 파일\CP#8</Filter>
    </ClCompile>
    <ClCompile Include="CP_8E.cpp">
      <Filter>소스 파일\CP#8</Filter>
    </ClCompile>
    <ClCompile Include="Cp_8F.cpp">
      <Filter>소스 파일\CP#8</Filter>
    </ClCompile>
    <ClCompile Include="CP9_A.cpp">
      <Filter>소스 파일\CP#9</Filter>
    </ClCompile>
  </ItemGroup>
  <ItemGroup>
    <Text Include="..\..\..\..\Downloads\student.txt">
      <Filter>리소스 파일</Filter>
    </Text>
    <Text Include="..\..\..\..\Downloads\HW #2 (2)\maze_14_2.txt">
      <Filter>리소스 파일</Filter>
    </Text>
  </ItemGroup>
  <ItemGroup>
    <ClInclude Include="resource.h">
      <Filter>헤더 파일</Filter>
    </ClInclude>
  </ItemGroup>
  <ItemGroup>
    <ResourceCompile Include="C_Algorithm.rc">
      <Filter>리소스 파일</Filter>
    </ResourceCompile>
  </ItemGroup>
</Project>