<?xml version="1.0" encoding="utf-8"?>
<Project ToolsVersion="4.0" xmlns="http://schemas.microsoft.com/developer/msbuild/2003">
  <ItemGroup>
    <Filter Include="소스 파일">
      <UniqueIdentifier>{4FC737F1-C7A5-4376-A066-2A32D752A2FF}</UniqueIdentifier>
      <Extensions>cpp;c;cc;cxx;c++;cppm;ixx;def;odl;idl;hpj;bat;asm;asmx</Extensions>
    </Filter>
    <Filter Include="헤더 파일">
      <UniqueIdentifier>{93995380-89BD-4b04-88EB-625FBE52EBFB}</UniqueIdentifier>
      <Extensions>h;hh;hpp;hxx;h++;hm;inl;inc;ipp;xsd</Extensions>
    </Filter>
    <Filter Include="리소스 파일">
      <UniqueIdentifier>{67DA6AB6-F800-4c08-8B7A-83BB121AAD01}</UniqueIdentifier>
      <Extensions>rc;ico;cur;bmp;dlg;rc2;rct;bin;rgs;gif;jpg;jpeg;jpe;resx;tiff;tif;png;wav;mfcribbon-ms</Extensions>
    </Filter>
    <Filter Include="소스 파일\Cp#2">
      <UniqueIdentifier>{95bbaa29-cd32-4836-b12f-461bb7331be8}</UniqueIdentifier>
    </Filter>
    <Filter Include="소스 파일\CP#3">
      <UniqueIdentifier>{eed600cc-9d5e-4529-9c83-a905364ed720}</UniqueIdentifier>
    </Filter>
    <Filter Include="소스 파일\CP#4">
      <UniqueIdentifier>{25eefcde-6bfb-481b-9b45-c6a870101798}</UniqueIdentifier>
    </Filter>
    <Filter Include="소스 파일\CP#5">
      <UniqueIdentifier>{f686eb25-e550-4fa6-b1b9-7ff210766cdf}</UniqueIdentifier>
    </Filter>
    <Filter Include="소스 파일\Data_Structure#1">
      <UniqueIdentifier>{8d0e57c8-074e-42a8-9fea-6bfb5c78ebec}</UniqueIdentifier>
    </Filter>
  </ItemGroup>
  <ItemGroup>
    <ClCompile Include="소스1.cpp">
      <Filter>소스 파일</Filter>
    </ClCompile>
    <ClCompile Include="CP_A.cpp">
      <Filter>소스 파일\Cp#2</Filter>
    </ClCompile>
    <ClCompile Include="CP_B.cpp">
      <Filter>소스 파일\Cp#2</Filter>
    </ClCompile>
    <ClCompile Include="CP_C.cpp">
      <Filter>소스 파일\Cp#2</Filter>
    </ClCompile>
    <ClCompile Include="CP_D.cpp">
      <Filter>소스 파일\Cp#2</Filter>
    </ClCompile>
    <ClCompile Include="소스.cpp">
      <Filter>소스 파일</Filter>
    </ClCompile>
    <ClCompile Include="CP_E.cpp">
      <Filter>소스 파일\Cp#2</Filter>
    </ClCompile>
    <ClCompile Include="CP_3A.cpp">
      <Filter>소스 파일\CP#3</Filter>
    </ClCompile>
    <ClCompile Include="CP_3B.cpp">
      <Filter>소스 파일\CP#3</Filter>
    </ClCompile>
    <ClCompile Include="CP_3C.cpp">
      <Filter>소스 파일\CP#3</Filter>
    </ClCompile>
    <ClCompile Include="CP_3D.cpp">
      <Filter>소스 파일\CP#3</Filter>
    </ClCompile>
    <ClCompile Include="CP_3E.cpp">
      <Filter>소스 파일\CP#3</Filter>
    </ClCompile>
    <ClCompile Include="CP_3F.cpp">
      <Filter>소스 파일\CP#3</Filter>
    </ClCompile>
    <ClCompile Include="소스2.cpp">
      <Filter>소스 파일</Filter>
    </ClCompile>
    <ClCompile Include="CP_4A.cpp">
      <Filter>소스 파일\CP#4</Filter>
    </ClCompile>
    <ClCompile Include="CP_4B.cpp">
      <Filter>소스 파일\CP#4</Filter>
    </ClCompile>
    <ClCompile Include="CP_4C.cpp">
      <Filter>소스 파일\CP#4</Filter>
    </ClCompile>
    <ClCompile Include="CP_4D.cpp">
      <Filter>소스 파일\CP#4</Filter>
    </ClCompile>
    <ClCompile Include="CP_5A.cpp">
      <Filter>소스 파일\CP#5</Filter>
    </ClCompile>
    <ClCompile Include="CP_5B.cpp">
      <Filter>소스 파일\CP#5</Filter>
    </ClCompile>
    <ClCompile Include="CP_5C.cpp">
      <Filter>소스 파일\CP#5</Filter>
    </ClCompile>
    <ClCompile Include="CP_5D.cpp">
      <Filter>소스 파일\CP#5</Filter>
    </ClCompile>
    <ClCompile Include="HW1.cpp">
      <Filter>소스 파일\Data_Structure#1</Filter>
    </ClCompile>
  </ItemGroup>
</Project>